
Microsoft Visual Studio Solution File, Format Version 12.00
# Visual Studio 15
Project("{FAE04EC0-301F-11D3-BF4B-00C04F79EFBC}") = "GoForwardUnityChan", "GoForwardUnityChan.csproj", "{B104735C-3E71-34D8-EC34-C2B7B88F2595}"
EndProject
Global
	GlobalSection(SolutionConfigurationPlatforms) = preSolution
		Debug|Any CPU = Debug|Any CPU
		Release|Any CPU = Release|Any CPU
	EndGlobalSection
	GlobalSection(ProjectConfigurationPlatforms) = postSolution
		{B104735C-3E71-34D8-EC34-C2B7B88F2595}.Debug|Any CPU.ActiveCfg = Debug|Any CPU
		{B104735C-3E71-34D8-EC34-C2B7B88F2595}.Debug|Any CPU.Build.0 = Debug|Any CPU
		{B104735C-3E71-34D8-EC34-C2B7B88F2595}.Release|Any CPU.ActiveCfg = Release|Any CPU
		{B104735C-3E71-34D8-EC34-C2B7B88F2595}.Release|Any CPU.Build.0 = Release|Any CPU
	EndGlobalSection
	GlobalSection(SolutionProperties) = preSolution
		HideSolutionNode = FALSE
	EndGlobalSection
EndGlobal
